
Microsoft Visual Studio Solution File, Format Version 12.00
# Visual Studio Version 16
VisualStudioVersion = 16.0.29709.97
MinimumVisualStudioVersion = 10.0.40219.1
Project("{FAE04EC0-301F-11D3-BF4B-00C04F79EFBC}") = "MyFirstWebApplication1", "MyFirstWebApplication1.csproj", "{814914FE-7B7A-427E-B6C5-2E304DE57463}"
EndProject
Global
	GlobalSection(SolutionConfigurationPlatforms) = preSolution
		Debug|Any CPU = Debug|Any CPU
		Release|Any CPU = Release|Any CPU
	EndGlobalSection
	GlobalSection(ProjectConfigurationPlatforms) = postSolution
		{814914FE-7B7A-427E-B6C5-2E304DE57463}.Debug|Any CPU.ActiveCfg = Debug|Any CPU
		{814914FE-7B7A-427E-B6C5-2E304DE57463}.Debug|Any CPU.Build.0 = Debug|Any CPU
		{814914FE-7B7A-427E-B6C5-2E304DE57463}.Release|Any CPU.ActiveCfg = Release|Any CPU
		{814914FE-7B7A-427E-B6C5-2E304DE57463}.Release|Any CPU.Build.0 = Release|Any CPU
	EndGlobalSection
	GlobalSection(SolutionProperties) = preSolution
		HideSolutionNode = FALSE
	EndGlobalSection
	GlobalSection(ExtensibilityGlobals) = postSolution
		SolutionGuid = {2517931D-8D2E-40F6-98BD-895F35055573}
	EndGlobalSection
EndGlobal
